
Microsoft Visual Studio Solution File, Format Version 12.00
# Visual Studio Version 17
VisualStudioVersion = 17.10.35004.147
MinimumVisualStudioVersion = 10.0.40219.1
Project("{FAE04EC0-301F-11D3-BF4B-00C04F79EFBC}") = "DVLD", "DVLD.csproj", "{D6043E92-E6F8-4B80-B7C0-B3E0AE6CD374}"
EndProject
Project("{FAE04EC0-301F-11D3-BF4B-00C04F79EFBC}") = "DVLD-BusinessTier", "..\DVLD-BusinessTier\DVLD-BusinessTier.csproj", "{D93A5FDC-6046-44C1-80D7-638AC2BBAC9F}"
EndProject
Project("{FAE04EC0-301F-11D3-BF4B-00C04F79EFBC}") = "DVLD-DataAccessTier", "..\DVLD-DataAccessTier\DVLD-DataAccessTier.csproj", "{92BF90C9-FE69-4844-B48D-21C1A3EA8A6E}"
EndProject
Global
	GlobalSection(SolutionConfigurationPlatforms) = preSolution
		Debug|Any CPU = Debug|Any CPU
		Release|Any CPU = Release|Any CPU
	EndGlobalSection
	GlobalSection(ProjectConfigurationPlatforms) = postSolution
		{D6043E92-E6F8-4B80-B7C0-B3E0AE6CD374}.Debug|Any CPU.ActiveCfg = Debug|Any CPU
		{D6043E92-E6F8-4B80-B7C0-B3E0AE6CD374}.Debug|Any CPU.Build.0 = Debug|Any CPU
		{D6043E92-E6F8-4B80-B7C0-B3E0AE6CD374}.Release|Any CPU.ActiveCfg = Release|Any CPU
		{D6043E92-E6F8-4B80-B7C0-B3E0AE6CD374}.Release|Any CPU.Build.0 = Release|Any CPU
		{D93A5FDC-6046-44C1-80D7-638AC2BBAC9F}.Debug|Any CPU.ActiveCfg = Debug|Any CPU
		{D93A5FDC-6046-44C1-80D7-638AC2BBAC9F}.Debug|Any CPU.Build.0 = Debug|Any CPU
		{D93A5FDC-6046-44C1-80D7-638AC2BBAC9F}.Release|Any CPU.ActiveCfg = Release|Any CPU
		{D93A5FDC-6046-44C1-80D7-638AC2BBAC9F}.Release|Any CPU.Build.0 = Release|Any CPU
		{92BF90C9-FE69-4844-B48D-21C1A3EA8A6E}.Debug|Any CPU.ActiveCfg = Debug|Any CPU
		{92BF90C9-FE69-4844-B48D-21C1A3EA8A6E}.Debug|Any CPU.Build.0 = Debug|Any CPU
		{92BF90C9-FE69-4844-B48D-21C1A3EA8A6E}.Release|Any CPU.ActiveCfg = Release|Any CPU
		{92BF90C9-FE69-4844-B48D-21C1A3EA8A6E}.Release|Any CPU.Build.0 = Release|Any CPU
	EndGlobalSection
	GlobalSection(SolutionProperties) = preSolution
		HideSolutionNode = FALSE
	EndGlobalSection
	GlobalSection(ExtensibilityGlobals) = postSolution
		SolutionGuid = {25B51E80-836F-46BA-83CC-F05BEF6E17A2}
	EndGlobalSection
EndGlobal
